<Solution>
  <Folder Name="/Solution Items/" />
  <Project Path="AgentHost/AgentHost.csproj" />
  <Project Path="AppHost/AppHost.csproj" />
  <Project Path="DessertTools/DessertTools.csproj" />
  <Project Path="ExpoTools/ExpoTools.csproj" />
  <Project Path="FryerTools/FryerTools.csproj" />
  <Project Path="GrillTools/GrillTools.csproj" />
  <Project Path="ServiceDefaults/ServiceDefaults.csproj" />
</Solution>
